
Microsoft Visual Studio Solution File, Format Version 12.00
# Visual Studio 15
VisualStudioVersion = 15.0.27703.2042
MinimumVisualStudioVersion = 10.0.40219.1
Project("{FAE04EC0-301F-11D3-BF4B-00C04F79EFBC}") = "20180803_methode d'extension", "20180803_methode d'extension\20180803_methode d'extension.csproj", "{055D6524-C16C-44D1-84EA-098ABD50D989}"
EndProject
Global
	GlobalSection(SolutionConfigurationPlatforms) = preSolution
		Debug|Any CPU = Debug|Any CPU
		Release|Any CPU = Release|Any CPU
	EndGlobalSection
	GlobalSection(ProjectConfigurationPlatforms) = postSolution
		{055D6524-C16C-44D1-84EA-098ABD50D989}.Debug|Any CPU.ActiveCfg = Debug|Any CPU
		{055D6524-C16C-44D1-84EA-098ABD50D989}.Debug|Any CPU.Build.0 = Debug|Any CPU
		{055D6524-C16C-44D1-84EA-098ABD50D989}.Release|Any CPU.ActiveCfg = Release|Any CPU
		{055D6524-C16C-44D1-84EA-098ABD50D989}.Release|Any CPU.Build.0 = Release|Any CPU
	EndGlobalSection
	GlobalSection(SolutionProperties) = preSolution
		HideSolutionNode = FALSE
	EndGlobalSection
	GlobalSection(ExtensibilityGlobals) = postSolution
		SolutionGuid = {C3649A63-CA62-49A0-A808-6D26D8622B15}
	EndGlobalSection
EndGlobal
